
Microsoft Visual Studio Solution File, Format Version 12.00
# Visual Studio 15
VisualStudioVersion = 15.0.28010.2041
MinimumVisualStudioVersion = 10.0.40219.1
Project("{FAE04EC0-301F-11D3-BF4B-00C04F79EFBC}") = "Archivator", "Archivator\Archivator.csproj", "{1FFAB875-EAA2-4E7B-B2D2-DE200A99ED64}"
EndProject
Global
	GlobalSection(SolutionConfigurationPlatforms) = preSolution
		Debug|Any CPU = Debug|Any CPU
		Release|Any CPU = Release|Any CPU
	EndGlobalSection
	GlobalSection(ProjectConfigurationPlatforms) = postSolution
		{1FFAB875-EAA2-4E7B-B2D2-DE200A99ED64}.Debug|Any CPU.ActiveCfg = Debug|Any CPU
		{1FFAB875-EAA2-4E7B-B2D2-DE200A99ED64}.Debug|Any CPU.Build.0 = Debug|Any CPU
		{1FFAB875-EAA2-4E7B-B2D2-DE200A99ED64}.Release|Any CPU.ActiveCfg = Release|Any CPU
		{1FFAB875-EAA2-4E7B-B2D2-DE200A99ED64}.Release|Any CPU.Build.0 = Release|Any CPU
	EndGlobalSection
	GlobalSection(SolutionProperties) = preSolution
		HideSolutionNode = FALSE
	EndGlobalSection
	GlobalSection(ExtensibilityGlobals) = postSolution
		SolutionGuid = {21A1824B-170C-48D7-B1DC-B0966E5986EF}
	EndGlobalSection
EndGlobal
